
Microsoft Visual Studio Solution File, Format Version 12.00
# Visual Studio 15
VisualStudioVersion = 15.0.27703.2026
MinimumVisualStudioVersion = 10.0.40219.1
Project("{9092AA53-FB77-4645-B42D-1CCCA6BD08BD}") = "GasTestProject", "GasTestProject\GasTestProject.njsproj", "{3F0F4A99-7F4C-497A-BE24-79596065E16C}"
EndProject
Global
	GlobalSection(SolutionConfigurationPlatforms) = preSolution
		Debug|Any CPU = Debug|Any CPU
		Release|Any CPU = Release|Any CPU
	EndGlobalSection
	GlobalSection(ProjectConfigurationPlatforms) = postSolution
		{3F0F4A99-7F4C-497A-BE24-79596065E16C}.Debug|Any CPU.ActiveCfg = Debug|Any CPU
		{3F0F4A99-7F4C-497A-BE24-79596065E16C}.Debug|Any CPU.Build.0 = Debug|Any CPU
		{3F0F4A99-7F4C-497A-BE24-79596065E16C}.Release|Any CPU.ActiveCfg = Release|Any CPU
		{3F0F4A99-7F4C-497A-BE24-79596065E16C}.Release|Any CPU.Build.0 = Release|Any CPU
	EndGlobalSection
	GlobalSection(SolutionProperties) = preSolution
		HideSolutionNode = FALSE
	EndGlobalSection
	GlobalSection(ExtensibilityGlobals) = postSolution
		SolutionGuid = {B1E34DB5-642A-45B7-8159-E4471CA74870}
	EndGlobalSection
EndGlobal
