{
  "name": "gas-test-project",
  "version": "0.0.0",
  "lockfileVersion": 1,
  "requires": true,
  "dependencies": {
    "@types/node": {
      "version": "6.0.113",
      "resolved": "https://registry.npmjs.org/@types/node/-/node-6.0.113.tgz",
      "integrity": "sha512-f9XXUWFqryzjkZA1EqFvJHSFyqyasV17fq8zCDIzbRV4ctL7RrJGKvG+lcex86Rjbzd1GrER9h9VmF5sSjV0BQ==",
      "dev": true
    }
  }
}
